
Microsoft Visual Studio Solution File, Format Version 12.00
# Visual Studio Version 17
VisualStudioVersion = 17.0.31919.166
MinimumVisualStudioVersion = 10.0.40219.1
Project("{9A19103F-16F7-4668-BE54-9A1E7A4F7556}") = "AdventOfCode2021.Test.Unit", "AdventOfCode2021.Test.Unit\AdventOfCode2021.Test.Unit.csproj", "{7373496A-1B6A-4EC7-B0D0-3925C1F76042}"
EndProject
Project("{9A19103F-16F7-4668-BE54-9A1E7A4F7556}") = "AdventOfCode2021.Day01", "AdventOfCode2021.Day01\AdventOfCode2021.Day01.csproj", "{DD706BFB-1C1A-464A-AAF6-8E26736C9514}"
EndProject
Project("{9A19103F-16F7-4668-BE54-9A1E7A4F7556}") = "AdventOfCode2021.Day02", "AdventOfCode2021.Day02\AdventOfCode2021.Day02.csproj", "{A006F3D4-0CD6-4150-AA43-9BA13E32DF8F}"
EndProject
Project("{9A19103F-16F7-4668-BE54-9A1E7A4F7556}") = "AdventOfCode2021.Day03", "AdventOfCode2021.Day03\AdventOfCode2021.Day03.csproj", "{E32FDDFB-AADA-45C3-96B9-6C4FEA2D608C}"
EndProject
Project("{9A19103F-16F7-4668-BE54-9A1E7A4F7556}") = "AdventOfCode2021.Day04", "AdventOfCode2021.Day04\AdventOfCode2021.Day04.csproj", "{C972D1DF-E81B-49A7-9A1C-1C5ABF5D1CCF}"
EndProject
Project("{9A19103F-16F7-4668-BE54-9A1E7A4F7556}") = "AdventOfCode2021.Day05", "AdventOfCode2021.Day05\AdventOfCode2021.Day05.csproj", "{366F2EDB-E05E-4F3E-B769-4F5ECCAE19D2}"
EndProject
Project("{9A19103F-16F7-4668-BE54-9A1E7A4F7556}") = "AdventOfCode.Shared", "AdventOfCode.Shared\AdventOfCode.Shared.csproj", "{4B2CD914-7D1C-4B41-A46B-9F924C5EC621}"
EndProject
Project("{9A19103F-16F7-4668-BE54-9A1E7A4F7556}") = "AdventOfCode2021.Day06", "AdventOfCode2021.Day06\AdventOfCode2021.Day06.csproj", "{B75CA502-CB20-41EB-92CE-4FCA3CA6C6E0}"
EndProject
Project("{9A19103F-16F7-4668-BE54-9A1E7A4F7556}") = "AdventOfCode2021.Day07", "AdventOfCode2021.Day07\AdventOfCode2021.Day07.csproj", "{E8E7543F-28B2-4ACB-8D31-E5CAAC9D53A3}"
EndProject
Project("{9A19103F-16F7-4668-BE54-9A1E7A4F7556}") = "AdventOfCode2021.Day08", "AdventOfCode2021.Day08\AdventOfCode2021.Day08.csproj", "{5B65EDC3-1E70-4ABC-A34E-E0F3D638573C}"
EndProject
Project("{9A19103F-16F7-4668-BE54-9A1E7A4F7556}") = "AdventOfCode2021.Day09", "AdventOfCode2021.Day09\AdventOfCode2021.Day09.csproj", "{1407B665-8E0F-4098-8C83-4E85F309E99F}"
EndProject
Project("{9A19103F-16F7-4668-BE54-9A1E7A4F7556}") = "AdventOfCode2021.Day10", "AdventOfCode2021.Day10\AdventOfCode2021.Day10.csproj", "{EE475BE7-92F8-42B7-AD49-2E4608B68374}"
EndProject
Project("{9A19103F-16F7-4668-BE54-9A1E7A4F7556}") = "AdventOfCode2021.Day11", "AdventOfCode2021.Day11\AdventOfCode2021.Day11.csproj", "{E6D09B08-9C9D-4799-8316-C96AD36C0B02}"
EndProject
Project("{9A19103F-16F7-4668-BE54-9A1E7A4F7556}") = "AdventOfCode2021.Day12", "AdventOfCode2021.Day12\AdventOfCode2021.Day12.csproj", "{E2874A92-5D89-49A6-8F70-88F65DBB8920}"
EndProject
Project("{9A19103F-16F7-4668-BE54-9A1E7A4F7556}") = "AdventOfCode2021.Day13", "AdventOfCode2021.Day13\AdventOfCode2021.Day13.csproj", "{F5DAF3C6-32AF-4404-95C3-6E0975446CF7}"
EndProject
Project("{9A19103F-16F7-4668-BE54-9A1E7A4F7556}") = "AdventOfCode2021.Day14", "AdventOfCode2021.Day14\AdventOfCode2021.Day14.csproj", "{577B93FF-5A45-4DEF-83E8-DE32ACCC6DC6}"
EndProject
Project("{2150E333-8FDC-42A3-9474-1A3956D46DE8}") = "Tests", "Tests", "{6EC5D808-FE78-46A4-A10C-74E1B5B044CC}"
EndProject
Project("{2150E333-8FDC-42A3-9474-1A3956D46DE8}") = "2021", "2021", "{9DCE91E3-D29F-4463-97DD-88F742E7C37E}"
EndProject
Project("{9A19103F-16F7-4668-BE54-9A1E7A4F7556}") = "AdventOfCode.Test.Unit.Shared", "AdventOfCode.Test.Unit.Shared\AdventOfCode.Test.Unit.Shared.csproj", "{699D98B0-84F5-4DD0-A881-A65145AC970E}"
EndProject
Project("{9A19103F-16F7-4668-BE54-9A1E7A4F7556}") = "AdventOfCode2021.Day15", "AdventOfCode2021.Day15\AdventOfCode2021.Day15.csproj", "{620BA504-5BEA-4D9F-BA8D-E1A7C19A1E45}"
EndProject
Project("{2150E333-8FDC-42A3-9474-1A3956D46DE8}") = "2015", "2015", "{01B31546-9612-4C20-9DA1-367545FC06C4}"
EndProject
Project("{9A19103F-16F7-4668-BE54-9A1E7A4F7556}") = "AdventOfCode2015.Day01", "AdventOfCode2015.Day01\AdventOfCode2015.Day01.csproj", "{3F9BBFFE-959E-4FF7-8037-7AB07BFBF354}"
EndProject
Project("{9A19103F-16F7-4668-BE54-9A1E7A4F7556}") = "AdventOfCode2015.Day02", "AdventOfCode2015.Day02\AdventOfCode2015.Day02.csproj", "{9B9E1B84-B40B-4A2B-9AF1-422B97065C0B}"
EndProject
Project("{9A19103F-16F7-4668-BE54-9A1E7A4F7556}") = "AdventOfCode2015.Day03", "AdventOfCode2015.Day03\AdventOfCode2015.Day03.csproj", "{67B0201B-A814-4B76-BD4A-91CC780B5037}"
EndProject
Project("{9A19103F-16F7-4668-BE54-9A1E7A4F7556}") = "AdventOfCode2015.Day04", "AdventOfCode2015.Day04\AdventOfCode2015.Day04.csproj", "{A5B45207-8ADB-4220-BAE1-5282610EF3D1}"
EndProject
Project("{9A19103F-16F7-4668-BE54-9A1E7A4F7556}") = "AdventOfCode2015.Day05", "AdventOfCode2015.Day05\AdventOfCode2015.Day05.csproj", "{D00D6E57-7FEF-40D2-97DE-BBF9A1A63A90}"
EndProject
Project("{9A19103F-16F7-4668-BE54-9A1E7A4F7556}") = "AdventOfCode2015.Day06", "AdventOfCode2015.Day06\AdventOfCode2015.Day06.csproj", "{9F842652-7D8A-4BA2-AC97-B14C63653431}"
EndProject
Project("{9A19103F-16F7-4668-BE54-9A1E7A4F7556}") = "AdventOfCode2015.Day07", "AdventOfCode2015.Day07\AdventOfCode2015.Day07.csproj", "{CAED1ACF-257A-4F8C-8CC5-D4B6BCF23148}"
EndProject
Project("{9A19103F-16F7-4668-BE54-9A1E7A4F7556}") = "AdventOfCode2015.Day08", "AdventOfCode2015.Day08\AdventOfCode2015.Day08.csproj", "{8BF49DA4-D01D-4905-B402-395467B465D6}"
EndProject
Project("{9A19103F-16F7-4668-BE54-9A1E7A4F7556}") = "AdventOfCode2021.Day16", "AdventOfCode2021.Day16\AdventOfCode2021.Day16.csproj", "{3A610928-A2AB-476A-97B9-22DC48279C6F}"
EndProject
Project("{9A19103F-16F7-4668-BE54-9A1E7A4F7556}") = "AdventOfCode2015.Day09", "AdventOfCode2015.Day09\AdventOfCode2015.Day09.csproj", "{26873DBC-CCB8-4F05-8831-9FADC094BDB8}"
EndProject
Project("{9A19103F-16F7-4668-BE54-9A1E7A4F7556}") = "AdventOfCode2015.Day10", "AdventOfCode2015.Day10\AdventOfCode2015.Day10.csproj", "{61E66F86-F785-42C8-AAC9-8F8E27480BA6}"
EndProject
Project("{9A19103F-16F7-4668-BE54-9A1E7A4F7556}") = "AdventOfCode2015.Day11", "AdventOfCode2015.Day11\AdventOfCode2015.Day11.csproj", "{0C25B981-6B01-4073-8E6F-3E0AD25A4F29}"
EndProject
Project("{9A19103F-16F7-4668-BE54-9A1E7A4F7556}") = "AdventOfCode2015.Day12", "AdventOfCode2015.Day12\AdventOfCode2015.Day12.csproj", "{A10F12A0-7443-4B64-85B1-65CF201CC2CD}"
EndProject
Project("{9A19103F-16F7-4668-BE54-9A1E7A4F7556}") = "AdventOfCode2015.Day13", "AdventOfCode2015.Day13\AdventOfCode2015.Day13.csproj", "{E94F225A-0B63-41EC-BED2-DF035215A1D9}"
EndProject
Project("{9A19103F-16F7-4668-BE54-9A1E7A4F7556}") = "AdventOfCode2021.Day17", "AdventOfCode2021.Day17\AdventOfCode2021.Day17.csproj", "{335ECF68-8232-4DA5-B284-3F50C2E334BB}"
EndProject
Project("{9A19103F-16F7-4668-BE54-9A1E7A4F7556}") = "AdventOfCode2015.Day14", "AdventOfCode2015.Day14\AdventOfCode2015.Day14.csproj", "{2148A5DB-49FB-4276-90F0-B2C44D510576}"
EndProject
Project("{9A19103F-16F7-4668-BE54-9A1E7A4F7556}") = "AdventOfCode2015.Day15", "AdventOfCode2015.Day15\AdventOfCode2015.Day15.csproj", "{FDC28E42-0DAC-4272-A89E-F261B50EB9FE}"
EndProject
Project("{9A19103F-16F7-4668-BE54-9A1E7A4F7556}") = "AdventOfCode2015.Day16", "AdventOfCode2015.Day16\AdventOfCode2015.Day16.csproj", "{A3471524-E770-49EF-B795-44DEB64B4BDB}"
EndProject
Project("{9A19103F-16F7-4668-BE54-9A1E7A4F7556}") = "AdventOfCode2021.Day20", "AdventOfCode2021.Day20\AdventOfCode2021.Day20.csproj", "{CC17DEBF-F6C1-4D89-89FB-1394CED59DF7}"
EndProject
Project("{9A19103F-16F7-4668-BE54-9A1E7A4F7556}") = "AdventOfCode2021.Day21", "AdventOfCode2021.Day21\AdventOfCode2021.Day21.csproj", "{4514079C-9E89-4A6C-9724-5610BC9F0DD4}"
EndProject
Project("{9A19103F-16F7-4668-BE54-9A1E7A4F7556}") = "AdventOfCode2021.Day22", "AdventOfCode2021.Day22\AdventOfCode2021.Day22.csproj", "{AD4DE01F-6F25-4864-B868-1964A83FAA22}"
EndProject
Project("{2150E333-8FDC-42A3-9474-1A3956D46DE8}") = "2022", "2022", "{72E667A6-31E5-4F2B-8838-1AAF5D4DA1A9}"
EndProject
Project("{9A19103F-16F7-4668-BE54-9A1E7A4F7556}") = "AdventOfCode2022.Day01", "AdventOfCode2022.Day01\AdventOfCode2022.Day01.csproj", "{FE98E2E0-96A1-4B16-A496-0D739AE0669D}"
EndProject
Project("{9A19103F-16F7-4668-BE54-9A1E7A4F7556}") = "AdventOfCode2022.Test.Unit", "AdventOfCode2022.Test.Unit\AdventOfCode2022.Test.Unit.csproj", "{E14CD3DA-E820-4996-A74B-E260A0B473FD}"
EndProject
Project("{9A19103F-16F7-4668-BE54-9A1E7A4F7556}") = "AdventOfCode2022.Day02", "AdventOfCode2022.Day02\AdventOfCode2022.Day02.csproj", "{A1C8E03A-774D-498C-A723-A82ABE10FDC1}"
EndProject
Project("{9A19103F-16F7-4668-BE54-9A1E7A4F7556}") = "AdventOfCode2022.Day03", "AdventOfCode2022.Day03\AdventOfCode2022.Day03.csproj", "{576CAEF7-6FDB-410F-97A8-54EE2FE074B3}"
EndProject
Project("{9A19103F-16F7-4668-BE54-9A1E7A4F7556}") = "AdventOfCode2022.Day04", "AdventOfCode2022.Day04\AdventOfCode2022.Day04.csproj", "{32958E9F-6497-43F9-A6B5-7E7713DF073C}"
EndProject
Project("{9A19103F-16F7-4668-BE54-9A1E7A4F7556}") = "AdventOfCode2022.Day05", "AdventOfCode2022.Day05\AdventOfCode2022.Day05.csproj", "{217D70CD-0FEE-420A-9CFB-FA09913AF95C}"
EndProject
Project("{9A19103F-16F7-4668-BE54-9A1E7A4F7556}") = "AdventOfCode2022.Day06", "AdventOfCode2022.Day06\AdventOfCode2022.Day06.csproj", "{A3573005-1990-48BA-AFCB-CE5C124B88F3}"
EndProject
Project("{9A19103F-16F7-4668-BE54-9A1E7A4F7556}") = "AdventOfCode2015.Day17", "AdventOfCode2015.Day17\AdventOfCode2015.Day17.csproj", "{7018E322-6B54-4DF3-AAB9-1E9D3E8C03E1}"
EndProject
Project("{9A19103F-16F7-4668-BE54-9A1E7A4F7556}") = "AdventOfCode2015.Test.Unit", "AdventOfCode2015.Test.Unit\AdventOfCode2015.Test.Unit.csproj", "{BC889FE7-91A8-4D09-AE02-88CB28BB7586}"
EndProject
Project("{9A19103F-16F7-4668-BE54-9A1E7A4F7556}") = "AdventOfCode2015.Day18", "AdventOfCode2015.Day18\AdventOfCode2015.Day18.csproj", "{291809D4-B67F-4029-9376-8B01303B3714}"
EndProject
Project("{9A19103F-16F7-4668-BE54-9A1E7A4F7556}") = "AdventOfCode2015.Day19", "AdventOfCode2015.Day19\AdventOfCode2015.Day19.csproj", "{E43D11D4-EB17-4C73-A66F-7F4E4ED5890D}"
EndProject
Project("{9A19103F-16F7-4668-BE54-9A1E7A4F7556}") = "AdventOfCode2022.Day07", "AdventOfCode2022.Day07\AdventOfCode2022.Day07.csproj", "{B93A6518-16A6-4CCB-B984-49FB57EED91C}"
EndProject
Project("{FAE04EC0-301F-11D3-BF4B-00C04F79EFBC}") = "AdventOfCode2022.Day08", "AdventOfCode2022.Day08\AdventOfCode2022.Day08.csproj", "{B0F94DCF-E82E-47B4-A90F-80D64DF2B261}"
EndProject
Global
	GlobalSection(SolutionConfigurationPlatforms) = preSolution
		Debug|Any CPU = Debug|Any CPU
		Release|Any CPU = Release|Any CPU
	EndGlobalSection
	GlobalSection(ProjectConfigurationPlatforms) = postSolution
		{7373496A-1B6A-4EC7-B0D0-3925C1F76042}.Debug|Any CPU.ActiveCfg = Debug|Any CPU
		{7373496A-1B6A-4EC7-B0D0-3925C1F76042}.Debug|Any CPU.Build.0 = Debug|Any CPU
		{7373496A-1B6A-4EC7-B0D0-3925C1F76042}.Release|Any CPU.ActiveCfg = Release|Any CPU
		{7373496A-1B6A-4EC7-B0D0-3925C1F76042}.Release|Any CPU.Build.0 = Release|Any CPU
		{DD706BFB-1C1A-464A-AAF6-8E26736C9514}.Debug|Any CPU.ActiveCfg = Debug|Any CPU
		{DD706BFB-1C1A-464A-AAF6-8E26736C9514}.Debug|Any CPU.Build.0 = Debug|Any CPU
		{DD706BFB-1C1A-464A-AAF6-8E26736C9514}.Release|Any CPU.ActiveCfg = Release|Any CPU
		{DD706BFB-1C1A-464A-AAF6-8E26736C9514}.Release|Any CPU.Build.0 = Release|Any CPU
		{A006F3D4-0CD6-4150-AA43-9BA13E32DF8F}.Debug|Any CPU.ActiveCfg = Debug|Any CPU
		{A006F3D4-0CD6-4150-AA43-9BA13E32DF8F}.Debug|Any CPU.Build.0 = Debug|Any CPU
		{A006F3D4-0CD6-4150-AA43-9BA13E32DF8F}.Release|Any CPU.ActiveCfg = Release|Any CPU
		{A006F3D4-0CD6-4150-AA43-9BA13E32DF8F}.Release|Any CPU.Build.0 = Release|Any CPU
		{E32FDDFB-AADA-45C3-96B9-6C4FEA2D608C}.Debug|Any CPU.ActiveCfg = Debug|Any CPU
		{E32FDDFB-AADA-45C3-96B9-6C4FEA2D608C}.Debug|Any CPU.Build.0 = Debug|Any CPU
		{E32FDDFB-AADA-45C3-96B9-6C4FEA2D608C}.Release|Any CPU.ActiveCfg = Release|Any CPU
		{E32FDDFB-AADA-45C3-96B9-6C4FEA2D608C}.Release|Any CPU.Build.0 = Release|Any CPU
		{C972D1DF-E81B-49A7-9A1C-1C5ABF5D1CCF}.Debug|Any CPU.ActiveCfg = Debug|Any CPU
		{C972D1DF-E81B-49A7-9A1C-1C5ABF5D1CCF}.Debug|Any CPU.Build.0 = Debug|Any CPU
		{C972D1DF-E81B-49A7-9A1C-1C5ABF5D1CCF}.Release|Any CPU.ActiveCfg = Release|Any CPU
		{C972D1DF-E81B-49A7-9A1C-1C5ABF5D1CCF}.Release|Any CPU.Build.0 = Release|Any CPU
		{366F2EDB-E05E-4F3E-B769-4F5ECCAE19D2}.Debug|Any CPU.ActiveCfg = Debug|Any CPU
		{366F2EDB-E05E-4F3E-B769-4F5ECCAE19D2}.Debug|Any CPU.Build.0 = Debug|Any CPU
		{366F2EDB-E05E-4F3E-B769-4F5ECCAE19D2}.Release|Any CPU.ActiveCfg = Release|Any CPU
		{366F2EDB-E05E-4F3E-B769-4F5ECCAE19D2}.Release|Any CPU.Build.0 = Release|Any CPU
		{4B2CD914-7D1C-4B41-A46B-9F924C5EC621}.Debug|Any CPU.ActiveCfg = Debug|Any CPU
		{4B2CD914-7D1C-4B41-A46B-9F924C5EC621}.Debug|Any CPU.Build.0 = Debug|Any CPU
		{4B2CD914-7D1C-4B41-A46B-9F924C5EC621}.Release|Any CPU.ActiveCfg = Release|Any CPU
		{4B2CD914-7D1C-4B41-A46B-9F924C5EC621}.Release|Any CPU.Build.0 = Release|Any CPU
		{B75CA502-CB20-41EB-92CE-4FCA3CA6C6E0}.Debug|Any CPU.ActiveCfg = Debug|Any CPU
		{B75CA502-CB20-41EB-92CE-4FCA3CA6C6E0}.Debug|Any CPU.Build.0 = Debug|Any CPU
		{B75CA502-CB20-41EB-92CE-4FCA3CA6C6E0}.Release|Any CPU.ActiveCfg = Release|Any CPU
		{B75CA502-CB20-41EB-92CE-4FCA3CA6C6E0}.Release|Any CPU.Build.0 = Release|Any CPU
		{E8E7543F-28B2-4ACB-8D31-E5CAAC9D53A3}.Debug|Any CPU.ActiveCfg = Debug|Any CPU
		{E8E7543F-28B2-4ACB-8D31-E5CAAC9D53A3}.Debug|Any CPU.Build.0 = Debug|Any CPU
		{E8E7543F-28B2-4ACB-8D31-E5CAAC9D53A3}.Release|Any CPU.ActiveCfg = Release|Any CPU
		{E8E7543F-28B2-4ACB-8D31-E5CAAC9D53A3}.Release|Any CPU.Build.0 = Release|Any CPU
		{5B65EDC3-1E70-4ABC-A34E-E0F3D638573C}.Debug|Any CPU.ActiveCfg = Debug|Any CPU
		{5B65EDC3-1E70-4ABC-A34E-E0F3D638573C}.Debug|Any CPU.Build.0 = Debug|Any CPU
		{5B65EDC3-1E70-4ABC-A34E-E0F3D638573C}.Release|Any CPU.ActiveCfg = Release|Any CPU
		{5B65EDC3-1E70-4ABC-A34E-E0F3D638573C}.Release|Any CPU.Build.0 = Release|Any CPU
		{1407B665-8E0F-4098-8C83-4E85F309E99F}.Debug|Any CPU.ActiveCfg = Debug|Any CPU
		{1407B665-8E0F-4098-8C83-4E85F309E99F}.Debug|Any CPU.Build.0 = Debug|Any CPU
		{1407B665-8E0F-4098-8C83-4E85F309E99F}.Release|Any CPU.ActiveCfg = Release|Any CPU
		{1407B665-8E0F-4098-8C83-4E85F309E99F}.Release|Any CPU.Build.0 = Release|Any CPU
		{EE475BE7-92F8-42B7-AD49-2E4608B68374}.Debug|Any CPU.ActiveCfg = Debug|Any CPU
		{EE475BE7-92F8-42B7-AD49-2E4608B68374}.Debug|Any CPU.Build.0 = Debug|Any CPU
		{EE475BE7-92F8-42B7-AD49-2E4608B68374}.Release|Any CPU.ActiveCfg = Release|Any CPU
		{EE475BE7-92F8-42B7-AD49-2E4608B68374}.Release|Any CPU.Build.0 = Release|Any CPU
		{E6D09B08-9C9D-4799-8316-C96AD36C0B02}.Debug|Any CPU.ActiveCfg = Debug|Any CPU
		{E6D09B08-9C9D-4799-8316-C96AD36C0B02}.Debug|Any CPU.Build.0 = Debug|Any CPU
		{E6D09B08-9C9D-4799-8316-C96AD36C0B02}.Release|Any CPU.ActiveCfg = Release|Any CPU
		{E6D09B08-9C9D-4799-8316-C96AD36C0B02}.Release|Any CPU.Build.0 = Release|Any CPU
		{E2874A92-5D89-49A6-8F70-88F65DBB8920}.Debug|Any CPU.ActiveCfg = Debug|Any CPU
		{E2874A92-5D89-49A6-8F70-88F65DBB8920}.Debug|Any CPU.Build.0 = Debug|Any CPU
		{E2874A92-5D89-49A6-8F70-88F65DBB8920}.Release|Any CPU.ActiveCfg = Release|Any CPU
		{E2874A92-5D89-49A6-8F70-88F65DBB8920}.Release|Any CPU.Build.0 = Release|Any CPU
		{F5DAF3C6-32AF-4404-95C3-6E0975446CF7}.Debug|Any CPU.ActiveCfg = Debug|Any CPU
		{F5DAF3C6-32AF-4404-95C3-6E0975446CF7}.Debug|Any CPU.Build.0 = Debug|Any CPU
		{F5DAF3C6-32AF-4404-95C3-6E0975446CF7}.Release|Any CPU.ActiveCfg = Release|Any CPU
		{F5DAF3C6-32AF-4404-95C3-6E0975446CF7}.Release|Any CPU.Build.0 = Release|Any CPU
		{577B93FF-5A45-4DEF-83E8-DE32ACCC6DC6}.Debug|Any CPU.ActiveCfg = Debug|Any CPU
		{577B93FF-5A45-4DEF-83E8-DE32ACCC6DC6}.Debug|Any CPU.Build.0 = Debug|Any CPU
		{577B93FF-5A45-4DEF-83E8-DE32ACCC6DC6}.Release|Any CPU.ActiveCfg = Release|Any CPU
		{577B93FF-5A45-4DEF-83E8-DE32ACCC6DC6}.Release|Any CPU.Build.0 = Release|Any CPU
		{699D98B0-84F5-4DD0-A881-A65145AC970E}.Debug|Any CPU.ActiveCfg = Debug|Any CPU
		{699D98B0-84F5-4DD0-A881-A65145AC970E}.Debug|Any CPU.Build.0 = Debug|Any CPU
		{699D98B0-84F5-4DD0-A881-A65145AC970E}.Release|Any CPU.ActiveCfg = Release|Any CPU
		{699D98B0-84F5-4DD0-A881-A65145AC970E}.Release|Any CPU.Build.0 = Release|Any CPU
		{620BA504-5BEA-4D9F-BA8D-E1A7C19A1E45}.Debug|Any CPU.ActiveCfg = Debug|Any CPU
		{620BA504-5BEA-4D9F-BA8D-E1A7C19A1E45}.Debug|Any CPU.Build.0 = Debug|Any CPU
		{620BA504-5BEA-4D9F-BA8D-E1A7C19A1E45}.Release|Any CPU.ActiveCfg = Release|Any CPU
		{620BA504-5BEA-4D9F-BA8D-E1A7C19A1E45}.Release|Any CPU.Build.0 = Release|Any CPU
		{3F9BBFFE-959E-4FF7-8037-7AB07BFBF354}.Debug|Any CPU.ActiveCfg = Debug|Any CPU
		{3F9BBFFE-959E-4FF7-8037-7AB07BFBF354}.Debug|Any CPU.Build.0 = Debug|Any CPU
		{3F9BBFFE-959E-4FF7-8037-7AB07BFBF354}.Release|Any CPU.ActiveCfg = Release|Any CPU
		{3F9BBFFE-959E-4FF7-8037-7AB07BFBF354}.Release|Any CPU.Build.0 = Release|Any CPU
		{9B9E1B84-B40B-4A2B-9AF1-422B97065C0B}.Debug|Any CPU.ActiveCfg = Debug|Any CPU
		{9B9E1B84-B40B-4A2B-9AF1-422B97065C0B}.Debug|Any CPU.Build.0 = Debug|Any CPU
		{9B9E1B84-B40B-4A2B-9AF1-422B97065C0B}.Release|Any CPU.ActiveCfg = Release|Any CPU
		{9B9E1B84-B40B-4A2B-9AF1-422B97065C0B}.Release|Any CPU.Build.0 = Release|Any CPU
		{67B0201B-A814-4B76-BD4A-91CC780B5037}.Debug|Any CPU.ActiveCfg = Debug|Any CPU
		{67B0201B-A814-4B76-BD4A-91CC780B5037}.Debug|Any CPU.Build.0 = Debug|Any CPU
		{67B0201B-A814-4B76-BD4A-91CC780B5037}.Release|Any CPU.ActiveCfg = Release|Any CPU
		{67B0201B-A814-4B76-BD4A-91CC780B5037}.Release|Any CPU.Build.0 = Release|Any CPU
		{A5B45207-8ADB-4220-BAE1-5282610EF3D1}.Debug|Any CPU.ActiveCfg = Debug|Any CPU
		{A5B45207-8ADB-4220-BAE1-5282610EF3D1}.Debug|Any CPU.Build.0 = Debug|Any CPU
		{A5B45207-8ADB-4220-BAE1-5282610EF3D1}.Release|Any CPU.ActiveCfg = Release|Any CPU
		{A5B45207-8ADB-4220-BAE1-5282610EF3D1}.Release|Any CPU.Build.0 = Release|Any CPU
		{D00D6E57-7FEF-40D2-97DE-BBF9A1A63A90}.Debug|Any CPU.ActiveCfg = Debug|Any CPU
		{D00D6E57-7FEF-40D2-97DE-BBF9A1A63A90}.Debug|Any CPU.Build.0 = Debug|Any CPU
		{D00D6E57-7FEF-40D2-97DE-BBF9A1A63A90}.Release|Any CPU.ActiveCfg = Release|Any CPU
		{D00D6E57-7FEF-40D2-97DE-BBF9A1A63A90}.Release|Any CPU.Build.0 = Release|Any CPU
		{9F842652-7D8A-4BA2-AC97-B14C63653431}.Debug|Any CPU.ActiveCfg = Debug|Any CPU
		{9F842652-7D8A-4BA2-AC97-B14C63653431}.Debug|Any CPU.Build.0 = Debug|Any CPU
		{9F842652-7D8A-4BA2-AC97-B14C63653431}.Release|Any CPU.ActiveCfg = Release|Any CPU
		{9F842652-7D8A-4BA2-AC97-B14C63653431}.Release|Any CPU.Build.0 = Release|Any CPU
		{CAED1ACF-257A-4F8C-8CC5-D4B6BCF23148}.Debug|Any CPU.ActiveCfg = Debug|Any CPU
		{CAED1ACF-257A-4F8C-8CC5-D4B6BCF23148}.Debug|Any CPU.Build.0 = Debug|Any CPU
		{CAED1ACF-257A-4F8C-8CC5-D4B6BCF23148}.Release|Any CPU.ActiveCfg = Release|Any CPU
		{CAED1ACF-257A-4F8C-8CC5-D4B6BCF23148}.Release|Any CPU.Build.0 = Release|Any CPU
		{8BF49DA4-D01D-4905-B402-395467B465D6}.Debug|Any CPU.ActiveCfg = Debug|Any CPU
		{8BF49DA4-D01D-4905-B402-395467B465D6}.Debug|Any CPU.Build.0 = Debug|Any CPU
		{8BF49DA4-D01D-4905-B402-395467B465D6}.Release|Any CPU.ActiveCfg = Release|Any CPU
		{8BF49DA4-D01D-4905-B402-395467B465D6}.Release|Any CPU.Build.0 = Release|Any CPU
		{3A610928-A2AB-476A-97B9-22DC48279C6F}.Debug|Any CPU.ActiveCfg = Debug|Any CPU
		{3A610928-A2AB-476A-97B9-22DC48279C6F}.Debug|Any CPU.Build.0 = Debug|Any CPU
		{3A610928-A2AB-476A-97B9-22DC48279C6F}.Release|Any CPU.ActiveCfg = Release|Any CPU
		{3A610928-A2AB-476A-97B9-22DC48279C6F}.Release|Any CPU.Build.0 = Release|Any CPU
		{26873DBC-CCB8-4F05-8831-9FADC094BDB8}.Debug|Any CPU.ActiveCfg = Debug|Any CPU
		{26873DBC-CCB8-4F05-8831-9FADC094BDB8}.Debug|Any CPU.Build.0 = Debug|Any CPU
		{26873DBC-CCB8-4F05-8831-9FADC094BDB8}.Release|Any CPU.ActiveCfg = Release|Any CPU
		{26873DBC-CCB8-4F05-8831-9FADC094BDB8}.Release|Any CPU.Build.0 = Release|Any CPU
		{61E66F86-F785-42C8-AAC9-8F8E27480BA6}.Debug|Any CPU.ActiveCfg = Debug|Any CPU
		{61E66F86-F785-42C8-AAC9-8F8E27480BA6}.Debug|Any CPU.Build.0 = Debug|Any CPU
		{61E66F86-F785-42C8-AAC9-8F8E27480BA6}.Release|Any CPU.ActiveCfg = Release|Any CPU
		{61E66F86-F785-42C8-AAC9-8F8E27480BA6}.Release|Any CPU.Build.0 = Release|Any CPU
		{0C25B981-6B01-4073-8E6F-3E0AD25A4F29}.Debug|Any CPU.ActiveCfg = Debug|Any CPU
		{0C25B981-6B01-4073-8E6F-3E0AD25A4F29}.Debug|Any CPU.Build.0 = Debug|Any CPU
		{0C25B981-6B01-4073-8E6F-3E0AD25A4F29}.Release|Any CPU.ActiveCfg = Release|Any CPU
		{0C25B981-6B01-4073-8E6F-3E0AD25A4F29}.Release|Any CPU.Build.0 = Release|Any CPU
		{A10F12A0-7443-4B64-85B1-65CF201CC2CD}.Debug|Any CPU.ActiveCfg = Debug|Any CPU
		{A10F12A0-7443-4B64-85B1-65CF201CC2CD}.Debug|Any CPU.Build.0 = Debug|Any CPU
		{A10F12A0-7443-4B64-85B1-65CF201CC2CD}.Release|Any CPU.ActiveCfg = Release|Any CPU
		{A10F12A0-7443-4B64-85B1-65CF201CC2CD}.Release|Any CPU.Build.0 = Release|Any CPU
		{E94F225A-0B63-41EC-BED2-DF035215A1D9}.Debug|Any CPU.ActiveCfg = Debug|Any CPU
		{E94F225A-0B63-41EC-BED2-DF035215A1D9}.Debug|Any CPU.Build.0 = Debug|Any CPU
		{E94F225A-0B63-41EC-BED2-DF035215A1D9}.Release|Any CPU.ActiveCfg = Release|Any CPU
		{E94F225A-0B63-41EC-BED2-DF035215A1D9}.Release|Any CPU.Build.0 = Release|Any CPU
		{335ECF68-8232-4DA5-B284-3F50C2E334BB}.Debug|Any CPU.ActiveCfg = Debug|Any CPU
		{335ECF68-8232-4DA5-B284-3F50C2E334BB}.Debug|Any CPU.Build.0 = Debug|Any CPU
		{335ECF68-8232-4DA5-B284-3F50C2E334BB}.Release|Any CPU.ActiveCfg = Release|Any CPU
		{335ECF68-8232-4DA5-B284-3F50C2E334BB}.Release|Any CPU.Build.0 = Release|Any CPU
		{2148A5DB-49FB-4276-90F0-B2C44D510576}.Debug|Any CPU.ActiveCfg = Debug|Any CPU
		{2148A5DB-49FB-4276-90F0-B2C44D510576}.Debug|Any CPU.Build.0 = Debug|Any CPU
		{2148A5DB-49FB-4276-90F0-B2C44D510576}.Release|Any CPU.ActiveCfg = Release|Any CPU
		{2148A5DB-49FB-4276-90F0-B2C44D510576}.Release|Any CPU.Build.0 = Release|Any CPU
		{FDC28E42-0DAC-4272-A89E-F261B50EB9FE}.Debug|Any CPU.ActiveCfg = Debug|Any CPU
		{FDC28E42-0DAC-4272-A89E-F261B50EB9FE}.Debug|Any CPU.Build.0 = Debug|Any CPU
		{FDC28E42-0DAC-4272-A89E-F261B50EB9FE}.Release|Any CPU.ActiveCfg = Release|Any CPU
		{FDC28E42-0DAC-4272-A89E-F261B50EB9FE}.Release|Any CPU.Build.0 = Release|Any CPU
		{A3471524-E770-49EF-B795-44DEB64B4BDB}.Debug|Any CPU.ActiveCfg = Debug|Any CPU
		{A3471524-E770-49EF-B795-44DEB64B4BDB}.Debug|Any CPU.Build.0 = Debug|Any CPU
		{A3471524-E770-49EF-B795-44DEB64B4BDB}.Release|Any CPU.ActiveCfg = Release|Any CPU
		{A3471524-E770-49EF-B795-44DEB64B4BDB}.Release|Any CPU.Build.0 = Release|Any CPU
		{CC17DEBF-F6C1-4D89-89FB-1394CED59DF7}.Debug|Any CPU.ActiveCfg = Debug|Any CPU
		{CC17DEBF-F6C1-4D89-89FB-1394CED59DF7}.Debug|Any CPU.Build.0 = Debug|Any CPU
		{CC17DEBF-F6C1-4D89-89FB-1394CED59DF7}.Release|Any CPU.ActiveCfg = Release|Any CPU
		{CC17DEBF-F6C1-4D89-89FB-1394CED59DF7}.Release|Any CPU.Build.0 = Release|Any CPU
		{4514079C-9E89-4A6C-9724-5610BC9F0DD4}.Debug|Any CPU.ActiveCfg = Debug|Any CPU
		{4514079C-9E89-4A6C-9724-5610BC9F0DD4}.Debug|Any CPU.Build.0 = Debug|Any CPU
		{4514079C-9E89-4A6C-9724-5610BC9F0DD4}.Release|Any CPU.ActiveCfg = Release|Any CPU
		{4514079C-9E89-4A6C-9724-5610BC9F0DD4}.Release|Any CPU.Build.0 = Release|Any CPU
		{AD4DE01F-6F25-4864-B868-1964A83FAA22}.Debug|Any CPU.ActiveCfg = Debug|Any CPU
		{AD4DE01F-6F25-4864-B868-1964A83FAA22}.Debug|Any CPU.Build.0 = Debug|Any CPU
		{AD4DE01F-6F25-4864-B868-1964A83FAA22}.Release|Any CPU.ActiveCfg = Release|Any CPU
		{AD4DE01F-6F25-4864-B868-1964A83FAA22}.Release|Any CPU.Build.0 = Release|Any CPU
		{FE98E2E0-96A1-4B16-A496-0D739AE0669D}.Debug|Any CPU.ActiveCfg = Debug|Any CPU
		{FE98E2E0-96A1-4B16-A496-0D739AE0669D}.Debug|Any CPU.Build.0 = Debug|Any CPU
		{FE98E2E0-96A1-4B16-A496-0D739AE0669D}.Release|Any CPU.ActiveCfg = Release|Any CPU
		{FE98E2E0-96A1-4B16-A496-0D739AE0669D}.Release|Any CPU.Build.0 = Release|Any CPU
		{E14CD3DA-E820-4996-A74B-E260A0B473FD}.Debug|Any CPU.ActiveCfg = Debug|Any CPU
		{E14CD3DA-E820-4996-A74B-E260A0B473FD}.Debug|Any CPU.Build.0 = Debug|Any CPU
		{E14CD3DA-E820-4996-A74B-E260A0B473FD}.Release|Any CPU.ActiveCfg = Release|Any CPU
		{E14CD3DA-E820-4996-A74B-E260A0B473FD}.Release|Any CPU.Build.0 = Release|Any CPU
		{A1C8E03A-774D-498C-A723-A82ABE10FDC1}.Debug|Any CPU.ActiveCfg = Debug|Any CPU
		{A1C8E03A-774D-498C-A723-A82ABE10FDC1}.Debug|Any CPU.Build.0 = Debug|Any CPU
		{A1C8E03A-774D-498C-A723-A82ABE10FDC1}.Release|Any CPU.ActiveCfg = Release|Any CPU
		{A1C8E03A-774D-498C-A723-A82ABE10FDC1}.Release|Any CPU.Build.0 = Release|Any CPU
		{576CAEF7-6FDB-410F-97A8-54EE2FE074B3}.Debug|Any CPU.ActiveCfg = Debug|Any CPU
		{576CAEF7-6FDB-410F-97A8-54EE2FE074B3}.Debug|Any CPU.Build.0 = Debug|Any CPU
		{576CAEF7-6FDB-410F-97A8-54EE2FE074B3}.Release|Any CPU.ActiveCfg = Release|Any CPU
		{576CAEF7-6FDB-410F-97A8-54EE2FE074B3}.Release|Any CPU.Build.0 = Release|Any CPU
		{32958E9F-6497-43F9-A6B5-7E7713DF073C}.Debug|Any CPU.ActiveCfg = Debug|Any CPU
		{32958E9F-6497-43F9-A6B5-7E7713DF073C}.Debug|Any CPU.Build.0 = Debug|Any CPU
		{32958E9F-6497-43F9-A6B5-7E7713DF073C}.Release|Any CPU.ActiveCfg = Release|Any CPU
		{32958E9F-6497-43F9-A6B5-7E7713DF073C}.Release|Any CPU.Build.0 = Release|Any CPU
		{217D70CD-0FEE-420A-9CFB-FA09913AF95C}.Debug|Any CPU.ActiveCfg = Debug|Any CPU
		{217D70CD-0FEE-420A-9CFB-FA09913AF95C}.Debug|Any CPU.Build.0 = Debug|Any CPU
		{217D70CD-0FEE-420A-9CFB-FA09913AF95C}.Release|Any CPU.ActiveCfg = Release|Any CPU
		{217D70CD-0FEE-420A-9CFB-FA09913AF95C}.Release|Any CPU.Build.0 = Release|Any CPU
		{A3573005-1990-48BA-AFCB-CE5C124B88F3}.Debug|Any CPU.ActiveCfg = Debug|Any CPU
		{A3573005-1990-48BA-AFCB-CE5C124B88F3}.Debug|Any CPU.Build.0 = Debug|Any CPU
		{A3573005-1990-48BA-AFCB-CE5C124B88F3}.Release|Any CPU.ActiveCfg = Release|Any CPU
		{A3573005-1990-48BA-AFCB-CE5C124B88F3}.Release|Any CPU.Build.0 = Release|Any CPU
		{7018E322-6B54-4DF3-AAB9-1E9D3E8C03E1}.Debug|Any CPU.ActiveCfg = Debug|Any CPU
		{7018E322-6B54-4DF3-AAB9-1E9D3E8C03E1}.Debug|Any CPU.Build.0 = Debug|Any CPU
		{7018E322-6B54-4DF3-AAB9-1E9D3E8C03E1}.Release|Any CPU.ActiveCfg = Release|Any CPU
		{7018E322-6B54-4DF3-AAB9-1E9D3E8C03E1}.Release|Any CPU.Build.0 = Release|Any CPU
		{BC889FE7-91A8-4D09-AE02-88CB28BB7586}.Debug|Any CPU.ActiveCfg = Debug|Any CPU
		{BC889FE7-91A8-4D09-AE02-88CB28BB7586}.Debug|Any CPU.Build.0 = Debug|Any CPU
		{BC889FE7-91A8-4D09-AE02-88CB28BB7586}.Release|Any CPU.ActiveCfg = Release|Any CPU
		{BC889FE7-91A8-4D09-AE02-88CB28BB7586}.Release|Any CPU.Build.0 = Release|Any CPU
		{291809D4-B67F-4029-9376-8B01303B3714}.Debug|Any CPU.ActiveCfg = Debug|Any CPU
		{291809D4-B67F-4029-9376-8B01303B3714}.Debug|Any CPU.Build.0 = Debug|Any CPU
		{291809D4-B67F-4029-9376-8B01303B3714}.Release|Any CPU.ActiveCfg = Release|Any CPU
		{291809D4-B67F-4029-9376-8B01303B3714}.Release|Any CPU.Build.0 = Release|Any CPU
		{E43D11D4-EB17-4C73-A66F-7F4E4ED5890D}.Debug|Any CPU.ActiveCfg = Debug|Any CPU
		{E43D11D4-EB17-4C73-A66F-7F4E4ED5890D}.Debug|Any CPU.Build.0 = Debug|Any CPU
		{E43D11D4-EB17-4C73-A66F-7F4E4ED5890D}.Release|Any CPU.ActiveCfg = Release|Any CPU
		{E43D11D4-EB17-4C73-A66F-7F4E4ED5890D}.Release|Any CPU.Build.0 = Release|Any CPU
		{B93A6518-16A6-4CCB-B984-49FB57EED91C}.Debug|Any CPU.ActiveCfg = Debug|Any CPU
		{B93A6518-16A6-4CCB-B984-49FB57EED91C}.Debug|Any CPU.Build.0 = Debug|Any CPU
		{B93A6518-16A6-4CCB-B984-49FB57EED91C}.Release|Any CPU.ActiveCfg = Release|Any CPU
		{B93A6518-16A6-4CCB-B984-49FB57EED91C}.Release|Any CPU.Build.0 = Release|Any CPU
		{B0F94DCF-E82E-47B4-A90F-80D64DF2B261}.Debug|Any CPU.ActiveCfg = Debug|Any CPU
		{B0F94DCF-E82E-47B4-A90F-80D64DF2B261}.Debug|Any CPU.Build.0 = Debug|Any CPU
		{B0F94DCF-E82E-47B4-A90F-80D64DF2B261}.Release|Any CPU.ActiveCfg = Release|Any CPU
		{B0F94DCF-E82E-47B4-A90F-80D64DF2B261}.Release|Any CPU.Build.0 = Release|Any CPU
	EndGlobalSection
	GlobalSection(SolutionProperties) = preSolution
		HideSolutionNode = FALSE
	EndGlobalSection
	GlobalSection(NestedProjects) = preSolution
		{7373496A-1B6A-4EC7-B0D0-3925C1F76042} = {6EC5D808-FE78-46A4-A10C-74E1B5B044CC}
		{DD706BFB-1C1A-464A-AAF6-8E26736C9514} = {9DCE91E3-D29F-4463-97DD-88F742E7C37E}
		{A006F3D4-0CD6-4150-AA43-9BA13E32DF8F} = {9DCE91E3-D29F-4463-97DD-88F742E7C37E}
		{E32FDDFB-AADA-45C3-96B9-6C4FEA2D608C} = {9DCE91E3-D29F-4463-97DD-88F742E7C37E}
		{C972D1DF-E81B-49A7-9A1C-1C5ABF5D1CCF} = {9DCE91E3-D29F-4463-97DD-88F742E7C37E}
		{366F2EDB-E05E-4F3E-B769-4F5ECCAE19D2} = {9DCE91E3-D29F-4463-97DD-88F742E7C37E}
		{B75CA502-CB20-41EB-92CE-4FCA3CA6C6E0} = {9DCE91E3-D29F-4463-97DD-88F742E7C37E}
		{E8E7543F-28B2-4ACB-8D31-E5CAAC9D53A3} = {9DCE91E3-D29F-4463-97DD-88F742E7C37E}
		{5B65EDC3-1E70-4ABC-A34E-E0F3D638573C} = {9DCE91E3-D29F-4463-97DD-88F742E7C37E}
		{1407B665-8E0F-4098-8C83-4E85F309E99F} = {9DCE91E3-D29F-4463-97DD-88F742E7C37E}
		{EE475BE7-92F8-42B7-AD49-2E4608B68374} = {9DCE91E3-D29F-4463-97DD-88F742E7C37E}
		{E6D09B08-9C9D-4799-8316-C96AD36C0B02} = {9DCE91E3-D29F-4463-97DD-88F742E7C37E}
		{E2874A92-5D89-49A6-8F70-88F65DBB8920} = {9DCE91E3-D29F-4463-97DD-88F742E7C37E}
		{F5DAF3C6-32AF-4404-95C3-6E0975446CF7} = {9DCE91E3-D29F-4463-97DD-88F742E7C37E}
		{577B93FF-5A45-4DEF-83E8-DE32ACCC6DC6} = {9DCE91E3-D29F-4463-97DD-88F742E7C37E}
		{699D98B0-84F5-4DD0-A881-A65145AC970E} = {6EC5D808-FE78-46A4-A10C-74E1B5B044CC}
		{620BA504-5BEA-4D9F-BA8D-E1A7C19A1E45} = {9DCE91E3-D29F-4463-97DD-88F742E7C37E}
		{3F9BBFFE-959E-4FF7-8037-7AB07BFBF354} = {01B31546-9612-4C20-9DA1-367545FC06C4}
		{9B9E1B84-B40B-4A2B-9AF1-422B97065C0B} = {01B31546-9612-4C20-9DA1-367545FC06C4}
		{67B0201B-A814-4B76-BD4A-91CC780B5037} = {01B31546-9612-4C20-9DA1-367545FC06C4}
		{A5B45207-8ADB-4220-BAE1-5282610EF3D1} = {01B31546-9612-4C20-9DA1-367545FC06C4}
		{D00D6E57-7FEF-40D2-97DE-BBF9A1A63A90} = {01B31546-9612-4C20-9DA1-367545FC06C4}
		{9F842652-7D8A-4BA2-AC97-B14C63653431} = {01B31546-9612-4C20-9DA1-367545FC06C4}
		{CAED1ACF-257A-4F8C-8CC5-D4B6BCF23148} = {01B31546-9612-4C20-9DA1-367545FC06C4}
		{8BF49DA4-D01D-4905-B402-395467B465D6} = {01B31546-9612-4C20-9DA1-367545FC06C4}
		{3A610928-A2AB-476A-97B9-22DC48279C6F} = {9DCE91E3-D29F-4463-97DD-88F742E7C37E}
		{26873DBC-CCB8-4F05-8831-9FADC094BDB8} = {01B31546-9612-4C20-9DA1-367545FC06C4}
		{61E66F86-F785-42C8-AAC9-8F8E27480BA6} = {01B31546-9612-4C20-9DA1-367545FC06C4}
		{0C25B981-6B01-4073-8E6F-3E0AD25A4F29} = {01B31546-9612-4C20-9DA1-367545FC06C4}
		{A10F12A0-7443-4B64-85B1-65CF201CC2CD} = {01B31546-9612-4C20-9DA1-367545FC06C4}
		{E94F225A-0B63-41EC-BED2-DF035215A1D9} = {01B31546-9612-4C20-9DA1-367545FC06C4}
		{335ECF68-8232-4DA5-B284-3F50C2E334BB} = {9DCE91E3-D29F-4463-97DD-88F742E7C37E}
		{2148A5DB-49FB-4276-90F0-B2C44D510576} = {01B31546-9612-4C20-9DA1-367545FC06C4}
		{FDC28E42-0DAC-4272-A89E-F261B50EB9FE} = {01B31546-9612-4C20-9DA1-367545FC06C4}
		{A3471524-E770-49EF-B795-44DEB64B4BDB} = {01B31546-9612-4C20-9DA1-367545FC06C4}
		{CC17DEBF-F6C1-4D89-89FB-1394CED59DF7} = {9DCE91E3-D29F-4463-97DD-88F742E7C37E}
		{4514079C-9E89-4A6C-9724-5610BC9F0DD4} = {9DCE91E3-D29F-4463-97DD-88F742E7C37E}
		{AD4DE01F-6F25-4864-B868-1964A83FAA22} = {9DCE91E3-D29F-4463-97DD-88F742E7C37E}
		{FE98E2E0-96A1-4B16-A496-0D739AE0669D} = {72E667A6-31E5-4F2B-8838-1AAF5D4DA1A9}
		{E14CD3DA-E820-4996-A74B-E260A0B473FD} = {6EC5D808-FE78-46A4-A10C-74E1B5B044CC}
		{A1C8E03A-774D-498C-A723-A82ABE10FDC1} = {72E667A6-31E5-4F2B-8838-1AAF5D4DA1A9}
		{576CAEF7-6FDB-410F-97A8-54EE2FE074B3} = {72E667A6-31E5-4F2B-8838-1AAF5D4DA1A9}
		{32958E9F-6497-43F9-A6B5-7E7713DF073C} = {72E667A6-31E5-4F2B-8838-1AAF5D4DA1A9}
		{217D70CD-0FEE-420A-9CFB-FA09913AF95C} = {72E667A6-31E5-4F2B-8838-1AAF5D4DA1A9}
		{A3573005-1990-48BA-AFCB-CE5C124B88F3} = {72E667A6-31E5-4F2B-8838-1AAF5D4DA1A9}
		{7018E322-6B54-4DF3-AAB9-1E9D3E8C03E1} = {01B31546-9612-4C20-9DA1-367545FC06C4}
		{BC889FE7-91A8-4D09-AE02-88CB28BB7586} = {6EC5D808-FE78-46A4-A10C-74E1B5B044CC}
		{291809D4-B67F-4029-9376-8B01303B3714} = {01B31546-9612-4C20-9DA1-367545FC06C4}
		{E43D11D4-EB17-4C73-A66F-7F4E4ED5890D} = {01B31546-9612-4C20-9DA1-367545FC06C4}
		{B93A6518-16A6-4CCB-B984-49FB57EED91C} = {72E667A6-31E5-4F2B-8838-1AAF5D4DA1A9}
		{B0F94DCF-E82E-47B4-A90F-80D64DF2B261} = {72E667A6-31E5-4F2B-8838-1AAF5D4DA1A9}
	EndGlobalSection
	GlobalSection(ExtensibilityGlobals) = postSolution
		SolutionGuid = {34223025-B43F-4892-B9BC-120A0621E91E}
	EndGlobalSection
EndGlobal
