
Microsoft Visual Studio Solution File, Format Version 12.00
# Visual Studio Version 17
VisualStudioVersion = 17.0.31919.166
MinimumVisualStudioVersion = 10.0.40219.1
Project("{9A19103F-16F7-4668-BE54-9A1E7A4F7556}") = "AdventOfCode2021.Test.Unit", "AdventOfCode2021.Test.Unit\AdventOfCode2021.Test.Unit.csproj", "{7373496A-1B6A-4EC7-B0D0-3925C1F76042}"
EndProject
Project("{9A19103F-16F7-4668-BE54-9A1E7A4F7556}") = "AdventOfCode2021.Day01", "AdventOfCode2021.Day01\AdventOfCode2021.Day01.csproj", "{DD706BFB-1C1A-464A-AAF6-8E26736C9514}"
EndProject
Project("{9A19103F-16F7-4668-BE54-9A1E7A4F7556}") = "AdventOfCode2021.Day02", "AdventOfCode2021.Day02\AdventOfCode2021.Day02.csproj", "{A006F3D4-0CD6-4150-AA43-9BA13E32DF8F}"
EndProject
Project("{9A19103F-16F7-4668-BE54-9A1E7A4F7556}") = "AdventOfCode2021.Day03", "AdventOfCode2021.Day03\AdventOfCode2021.Day03.csproj", "{E32FDDFB-AADA-45C3-96B9-6C4FEA2D608C}"
EndProject
Project("{9A19103F-16F7-4668-BE54-9A1E7A4F7556}") = "AdventOfCode2021.Day04", "AdventOfCode2021.Day04\AdventOfCode2021.Day04.csproj", "{C972D1DF-E81B-49A7-9A1C-1C5ABF5D1CCF}"
EndProject
Project("{9A19103F-16F7-4668-BE54-9A1E7A4F7556}") = "AdventOfCode2021.Day05", "AdventOfCode2021.Day05\AdventOfCode2021.Day05.csproj", "{366F2EDB-E05E-4F3E-B769-4F5ECCAE19D2}"
EndProject
Project("{9A19103F-16F7-4668-BE54-9A1E7A4F7556}") = "AdventOfCode2021.Shared", "AdventOfCode2021.Shared\AdventOfCode2021.Shared.csproj", "{4B2CD914-7D1C-4B41-A46B-9F924C5EC621}"
EndProject
Project("{9A19103F-16F7-4668-BE54-9A1E7A4F7556}") = "AdventOfCode2021.Day06", "AdventOfCode2021.Day06\AdventOfCode2021.Day06.csproj", "{B75CA502-CB20-41EB-92CE-4FCA3CA6C6E0}"
EndProject
Project("{FAE04EC0-301F-11D3-BF4B-00C04F79EFBC}") = "AdventOfCode2021.Day07", "AdventOfCode2021.Day07\AdventOfCode2021.Day07.csproj", "{E8E7543F-28B2-4ACB-8D31-E5CAAC9D53A3}"
EndProject
Global
	GlobalSection(SolutionConfigurationPlatforms) = preSolution
		Debug|Any CPU = Debug|Any CPU
		Release|Any CPU = Release|Any CPU
	EndGlobalSection
	GlobalSection(ProjectConfigurationPlatforms) = postSolution
		{7373496A-1B6A-4EC7-B0D0-3925C1F76042}.Debug|Any CPU.ActiveCfg = Debug|Any CPU
		{7373496A-1B6A-4EC7-B0D0-3925C1F76042}.Debug|Any CPU.Build.0 = Debug|Any CPU
		{7373496A-1B6A-4EC7-B0D0-3925C1F76042}.Release|Any CPU.ActiveCfg = Release|Any CPU
		{7373496A-1B6A-4EC7-B0D0-3925C1F76042}.Release|Any CPU.Build.0 = Release|Any CPU
		{DD706BFB-1C1A-464A-AAF6-8E26736C9514}.Debug|Any CPU.ActiveCfg = Debug|Any CPU
		{DD706BFB-1C1A-464A-AAF6-8E26736C9514}.Debug|Any CPU.Build.0 = Debug|Any CPU
		{DD706BFB-1C1A-464A-AAF6-8E26736C9514}.Release|Any CPU.ActiveCfg = Release|Any CPU
		{DD706BFB-1C1A-464A-AAF6-8E26736C9514}.Release|Any CPU.Build.0 = Release|Any CPU
		{A006F3D4-0CD6-4150-AA43-9BA13E32DF8F}.Debug|Any CPU.ActiveCfg = Debug|Any CPU
		{A006F3D4-0CD6-4150-AA43-9BA13E32DF8F}.Debug|Any CPU.Build.0 = Debug|Any CPU
		{A006F3D4-0CD6-4150-AA43-9BA13E32DF8F}.Release|Any CPU.ActiveCfg = Release|Any CPU
		{A006F3D4-0CD6-4150-AA43-9BA13E32DF8F}.Release|Any CPU.Build.0 = Release|Any CPU
		{E32FDDFB-AADA-45C3-96B9-6C4FEA2D608C}.Debug|Any CPU.ActiveCfg = Debug|Any CPU
		{E32FDDFB-AADA-45C3-96B9-6C4FEA2D608C}.Debug|Any CPU.Build.0 = Debug|Any CPU
		{E32FDDFB-AADA-45C3-96B9-6C4FEA2D608C}.Release|Any CPU.ActiveCfg = Release|Any CPU
		{E32FDDFB-AADA-45C3-96B9-6C4FEA2D608C}.Release|Any CPU.Build.0 = Release|Any CPU
		{C972D1DF-E81B-49A7-9A1C-1C5ABF5D1CCF}.Debug|Any CPU.ActiveCfg = Debug|Any CPU
		{C972D1DF-E81B-49A7-9A1C-1C5ABF5D1CCF}.Debug|Any CPU.Build.0 = Debug|Any CPU
		{C972D1DF-E81B-49A7-9A1C-1C5ABF5D1CCF}.Release|Any CPU.ActiveCfg = Release|Any CPU
		{C972D1DF-E81B-49A7-9A1C-1C5ABF5D1CCF}.Release|Any CPU.Build.0 = Release|Any CPU
		{366F2EDB-E05E-4F3E-B769-4F5ECCAE19D2}.Debug|Any CPU.ActiveCfg = Debug|Any CPU
		{366F2EDB-E05E-4F3E-B769-4F5ECCAE19D2}.Debug|Any CPU.Build.0 = Debug|Any CPU
		{366F2EDB-E05E-4F3E-B769-4F5ECCAE19D2}.Release|Any CPU.ActiveCfg = Release|Any CPU
		{366F2EDB-E05E-4F3E-B769-4F5ECCAE19D2}.Release|Any CPU.Build.0 = Release|Any CPU
		{4B2CD914-7D1C-4B41-A46B-9F924C5EC621}.Debug|Any CPU.ActiveCfg = Debug|Any CPU
		{4B2CD914-7D1C-4B41-A46B-9F924C5EC621}.Debug|Any CPU.Build.0 = Debug|Any CPU
		{4B2CD914-7D1C-4B41-A46B-9F924C5EC621}.Release|Any CPU.ActiveCfg = Release|Any CPU
		{4B2CD914-7D1C-4B41-A46B-9F924C5EC621}.Release|Any CPU.Build.0 = Release|Any CPU
		{B75CA502-CB20-41EB-92CE-4FCA3CA6C6E0}.Debug|Any CPU.ActiveCfg = Debug|Any CPU
		{B75CA502-CB20-41EB-92CE-4FCA3CA6C6E0}.Debug|Any CPU.Build.0 = Debug|Any CPU
		{B75CA502-CB20-41EB-92CE-4FCA3CA6C6E0}.Release|Any CPU.ActiveCfg = Release|Any CPU
		{B75CA502-CB20-41EB-92CE-4FCA3CA6C6E0}.Release|Any CPU.Build.0 = Release|Any CPU
		{E8E7543F-28B2-4ACB-8D31-E5CAAC9D53A3}.Debug|Any CPU.ActiveCfg = Debug|Any CPU
		{E8E7543F-28B2-4ACB-8D31-E5CAAC9D53A3}.Debug|Any CPU.Build.0 = Debug|Any CPU
		{E8E7543F-28B2-4ACB-8D31-E5CAAC9D53A3}.Release|Any CPU.ActiveCfg = Release|Any CPU
		{E8E7543F-28B2-4ACB-8D31-E5CAAC9D53A3}.Release|Any CPU.Build.0 = Release|Any CPU
	EndGlobalSection
	GlobalSection(SolutionProperties) = preSolution
		HideSolutionNode = FALSE
	EndGlobalSection
	GlobalSection(ExtensibilityGlobals) = postSolution
		SolutionGuid = {34223025-B43F-4892-B9BC-120A0621E91E}
	EndGlobalSection
EndGlobal
